
Microsoft Visual Studio Solution File, Format Version 12.00
# Visual Studio Version 17
VisualStudioVersion = 17.1.32421.90
MinimumVisualStudioVersion = 10.0.40219.1
Project("{FAE04EC0-301F-11D3-BF4B-00C04F79EFBC}") = "ByteBank", "ByteBank\ByteBank.csproj", "{21EF1BA6-6456-4459-9E1D-B86870295991}"
EndProject
Global
	GlobalSection(SolutionConfigurationPlatforms) = preSolution
		Debug|Any CPU = Debug|Any CPU
		Release|Any CPU = Release|Any CPU
	EndGlobalSection
	GlobalSection(ProjectConfigurationPlatforms) = postSolution
		{21EF1BA6-6456-4459-9E1D-B86870295991}.Debug|Any CPU.ActiveCfg = Debug|Any CPU
		{21EF1BA6-6456-4459-9E1D-B86870295991}.Debug|Any CPU.Build.0 = Debug|Any CPU
		{21EF1BA6-6456-4459-9E1D-B86870295991}.Release|Any CPU.ActiveCfg = Release|Any CPU
		{21EF1BA6-6456-4459-9E1D-B86870295991}.Release|Any CPU.Build.0 = Release|Any CPU
	EndGlobalSection
	GlobalSection(SolutionProperties) = preSolution
		HideSolutionNode = FALSE
	EndGlobalSection
	GlobalSection(ExtensibilityGlobals) = postSolution
		SolutionGuid = {7E9D91A1-1FC1-424B-9F4D-C24B150C5FBF}
	EndGlobalSection
EndGlobal
