
Microsoft Visual Studio Solution File, Format Version 12.00
# Visual Studio Version 17
VisualStudioVersion = 17.1.32421.90
MinimumVisualStudioVersion = 10.0.40219.1
Project("{9A19103F-16F7-4668-BE54-9A1E7A4F7556}") = "1-ByteBank", "1-ByteBank\1-ByteBank.csproj", "{FA2BCD0F-63F5-4499-8FAC-EEFB48D36036}"
EndProject
Project("{FAE04EC0-301F-11D3-BF4B-00C04F79EFBC}") = "DesafioGerenciamentoDeProdutos", "DesafioGerenciamentoDeProdutos\DesafioGerenciamentoDeProdutos.csproj", "{EDF57AF4-6E8F-42D3-B76C-296F82FA8674}"
EndProject
Project("{FAE04EC0-301F-11D3-BF4B-00C04F79EFBC}") = "DesafioFranquiaFastFood", "DesafioFranquiaFastFood\DesafioFranquiaFastFood.csproj", "{FC4F1877-8820-4DAD-AE1C-9D5CD8BA6BB6}"
EndProject
Project("{FAE04EC0-301F-11D3-BF4B-00C04F79EFBC}") = "DesafioPropriedades", "DesafioPropriedades\DesafioPropriedades.csproj", "{F46390A5-C37D-44E2-A6C6-B99390DC152C}"
EndProject
Global
	GlobalSection(SolutionConfigurationPlatforms) = preSolution
		Debug|Any CPU = Debug|Any CPU
		Release|Any CPU = Release|Any CPU
	EndGlobalSection
	GlobalSection(ProjectConfigurationPlatforms) = postSolution
		{FA2BCD0F-63F5-4499-8FAC-EEFB48D36036}.Debug|Any CPU.ActiveCfg = Debug|Any CPU
		{FA2BCD0F-63F5-4499-8FAC-EEFB48D36036}.Debug|Any CPU.Build.0 = Debug|Any CPU
		{FA2BCD0F-63F5-4499-8FAC-EEFB48D36036}.Release|Any CPU.ActiveCfg = Release|Any CPU
		{FA2BCD0F-63F5-4499-8FAC-EEFB48D36036}.Release|Any CPU.Build.0 = Release|Any CPU
		{EDF57AF4-6E8F-42D3-B76C-296F82FA8674}.Debug|Any CPU.ActiveCfg = Debug|Any CPU
		{EDF57AF4-6E8F-42D3-B76C-296F82FA8674}.Debug|Any CPU.Build.0 = Debug|Any CPU
		{EDF57AF4-6E8F-42D3-B76C-296F82FA8674}.Release|Any CPU.ActiveCfg = Release|Any CPU
		{EDF57AF4-6E8F-42D3-B76C-296F82FA8674}.Release|Any CPU.Build.0 = Release|Any CPU
		{FC4F1877-8820-4DAD-AE1C-9D5CD8BA6BB6}.Debug|Any CPU.ActiveCfg = Debug|Any CPU
		{FC4F1877-8820-4DAD-AE1C-9D5CD8BA6BB6}.Debug|Any CPU.Build.0 = Debug|Any CPU
		{FC4F1877-8820-4DAD-AE1C-9D5CD8BA6BB6}.Release|Any CPU.ActiveCfg = Release|Any CPU
		{FC4F1877-8820-4DAD-AE1C-9D5CD8BA6BB6}.Release|Any CPU.Build.0 = Release|Any CPU
		{F46390A5-C37D-44E2-A6C6-B99390DC152C}.Debug|Any CPU.ActiveCfg = Debug|Any CPU
		{F46390A5-C37D-44E2-A6C6-B99390DC152C}.Debug|Any CPU.Build.0 = Debug|Any CPU
		{F46390A5-C37D-44E2-A6C6-B99390DC152C}.Release|Any CPU.ActiveCfg = Release|Any CPU
		{F46390A5-C37D-44E2-A6C6-B99390DC152C}.Release|Any CPU.Build.0 = Release|Any CPU
	EndGlobalSection
	GlobalSection(SolutionProperties) = preSolution
		HideSolutionNode = FALSE
	EndGlobalSection
	GlobalSection(ExtensibilityGlobals) = postSolution
		SolutionGuid = {B19F4714-8F19-420D-8A6E-2A0DF2C3C2EA}
	EndGlobalSection
EndGlobal
